
Microsoft Visual Studio Solution File, Format Version 12.00
# Visual Studio 15
VisualStudioVersion = 15.0.26403.7
MinimumVisualStudioVersion = 10.0.40219.1
Project("{FAE04EC0-301F-11D3-BF4B-00C04F79EFBC}") = "RulesEngine", "RulesEngine\RulesEngine.csproj", "{F82E8259-AA80-4861-8B57-E8B3BC9904CE}"
EndProject
Global
	GlobalSection(SolutionConfigurationPlatforms) = preSolution
		Debug|Any CPU = Debug|Any CPU
		Release|Any CPU = Release|Any CPU
	EndGlobalSection
	GlobalSection(ProjectConfigurationPlatforms) = postSolution
		{F82E8259-AA80-4861-8B57-E8B3BC9904CE}.Debug|Any CPU.ActiveCfg = Debug|Any CPU
		{F82E8259-AA80-4861-8B57-E8B3BC9904CE}.Debug|Any CPU.Build.0 = Debug|Any CPU
		{F82E8259-AA80-4861-8B57-E8B3BC9904CE}.Release|Any CPU.ActiveCfg = Release|Any CPU
		{F82E8259-AA80-4861-8B57-E8B3BC9904CE}.Release|Any CPU.Build.0 = Release|Any CPU
	EndGlobalSection
	GlobalSection(SolutionProperties) = preSolution
		HideSolutionNode = FALSE
	EndGlobalSection
EndGlobal
